
Microsoft Visual Studio Solution File, Format Version 12.00
# Visual Studio Version 17
VisualStudioVersion = 17.9.34902.65
MinimumVisualStudioVersion = 10.0.40219.1
Project("{FAE04EC0-301F-11D3-BF4B-00C04F79EFBC}") = "Auðkenning-Frontend", "Auðkenning-Frontend.csproj", "{573EAE07-81F5-4875-B4E7-ED49F1277935}"
EndProject
Global
	GlobalSection(SolutionConfigurationPlatforms) = preSolution
		Debug|Any CPU = Debug|Any CPU
		Release|Any CPU = Release|Any CPU
	EndGlobalSection
	GlobalSection(ProjectConfigurationPlatforms) = postSolution
		{573EAE07-81F5-4875-B4E7-ED49F1277935}.Debug|Any CPU.ActiveCfg = Debug|Any CPU
		{573EAE07-81F5-4875-B4E7-ED49F1277935}.Debug|Any CPU.Build.0 = Debug|Any CPU
		{573EAE07-81F5-4875-B4E7-ED49F1277935}.Release|Any CPU.ActiveCfg = Release|Any CPU
		{573EAE07-81F5-4875-B4E7-ED49F1277935}.Release|Any CPU.Build.0 = Release|Any CPU
	EndGlobalSection
	GlobalSection(SolutionProperties) = preSolution
		HideSolutionNode = FALSE
	EndGlobalSection
	GlobalSection(ExtensibilityGlobals) = postSolution
		SolutionGuid = {BB0B207D-7BB3-4702-8BFF-168D0ED5692A}
	EndGlobalSection
EndGlobal
